// !$*UTF8*$!
{
	archiveVersion = 1;
	classes = {
	};
	objectVersion = 46;
	objects = {

/* Begin PBXBuildFile section */
		C25591261B9B11F30045F341 /* main.m in Sources */ = {isa = PBXBuildFile; fileRef = C25591251B9B11F30045F341 /* main.m */; };
		C25591291B9B11F30045F341 /* AppDelegate.m in Sources */ = {isa = PBXBuildFile; fileRef = C25591281B9B11F30045F341 /* AppDelegate.m */; };
		C255912B1B9B11F30045F341 /* UI-新闻的编辑-Prefix.pch in Resources */ = {isa = PBXBuildFile; fileRef = C255912A1B9B11F30045F341 /* UI-新闻的编辑-Prefix.pch */; };
		C255912D1B9B11F30045F341 /* Images.xcassets in Resources */ = {isa = PBXBuildFile; fileRef = C255912C1B9B11F30045F341 /* Images.xcassets */; };
		C25591301B9B11F30045F341 /* LaunchScreen.xib in Resources */ = {isa = PBXBuildFile; fileRef = C255912E1B9B11F30045F341 /* LaunchScreen.xib */; };
		C255913C1B9B11F30045F341 /* UI______Tests.m in Sources */ = {isa = PBXBuildFile; fileRef = C255913B1B9B11F30045F341 /* UI______Tests.m */; };
		C25591471B9B12040045F341 /* RootViewController.m in Sources */ = {isa = PBXBuildFile; fileRef = C25591461B9B12040045F341 /* RootViewController.m */; };
		C255914A1B9B12350045F341 /* NewComViewController.m in Sources */ = {isa = PBXBuildFile; fileRef = C25591491B9B12350045F341 /* NewComViewController.m */; };
/* End PBXBuildFile section */

/* Begin PBXContainerItemProxy section */
		C25591361B9B11F30045F341 /* PBXContainerItemProxy */ = {
			isa = PBXContainerItemProxy;
			containerPortal = C25591181B9B11F30045F341 /* Project object */;
			proxyType = 1;
			remoteGlobalIDString = C255911F1B9B11F30045F341;
			remoteInfo = "UI-新闻的编辑";
		};
/* End PBXContainerItemProxy section */

/* Begin PBXFileReference section */
		C25591201B9B11F30045F341 /* UI-新闻的编辑.app */ = {isa = PBXFileReference; explicitFileType = wrapper.application; includeInIndex = 0; path = "UI-新闻的编辑.app"; sourceTree = BUILT_PRODUCTS_DIR; };
		C25591241B9B11F30045F341 /* Info.plist */ = {isa = PBXFileReference; lastKnownFileType = text.plist.xml; path = Info.plist; sourceTree = "<group>"; };
		C25591251B9B11F30045F341 /* main.m */ = {isa = PBXFileReference; lastKnownFileType = sourcecode.c.objc; path = main.m; sourceTree = "<group>"; };
		C25591271B9B11F30045F341 /* AppDelegate.h */ = {isa = PBXFileReference; lastKnownFileType = sourcecode.c.h; path = AppDelegate.h; sourceTree = "<group>"; };
		C25591281B9B11F30045F341 /* AppDelegate.m */ = {isa = PBXFileReference; lastKnownFileType = sourcecode.c.objc; path = AppDelegate.m; sourceTree = "<group>"; };
		C255912A1B9B11F30045F341 /* UI-新闻的编辑-Prefix.pch */ = {isa = PBXFileReference; lastKnownFileType = sourcecode.c.h; path = "UI-新闻的编辑-Prefix.pch"; sourceTree = "<group>"; };
		C255912C1B9B11F30045F341 /* Images.xcassets */ = {isa = PBXFileReference; lastKnownFileType = folder.assetcatalog; path = Images.xcassets; sourceTree = "<group>"; };
		C255912F1B9B11F30045F341 /* Base */ = {isa = PBXFileReference; lastKnownFileType = file.xib; name = Base; path = Base.lproj/LaunchScreen.xib; sourceTree = "<group>"; };
		C25591351B9B11F30045F341 /* UI-新闻的编辑Tests.xctest */ = {isa = PBXFileReference; explicitFileType = wrapper.cfbundle; includeInIndex = 0; path = "UI-新闻的编辑Tests.xctest"; sourceTree = BUILT_PRODUCTS_DIR; };
		C255913A1B9B11F30045F341 /* Info.plist */ = {isa = PBXFileReference; lastKnownFileType = text.plist.xml; path = Info.plist; sourceTree = "<group>"; };
		C255913B1B9B11F30045F341 /* UI______Tests.m */ = {isa = PBXFileReference; lastKnownFileType = sourcecode.c.objc; path = "UI______Tests.m"; sourceTree = "<group>"; };
		C25591451B9B12040045F341 /* RootViewController.h */ = {isa = PBXFileReference; fileEncoding = 4; lastKnownFileType = sourcecode.c.h; path = RootViewController.h; sourceTree = "<group>"; };
		C25591461B9B12040045F341 /* RootViewController.m */ = {isa = PBXFileReference; fileEncoding = 4; lastKnownFileType = sourcecode.c.objc; path = RootViewController.m; sourceTree = "<group>"; };
		C25591481B9B12350045F341 /* NewComViewController.h */ = {isa = PBXFileReference; fileEncoding = 4; lastKnownFileType = sourcecode.c.h; path = NewComViewController.h; sourceTree = "<group>"; };
		C25591491B9B12350045F341 /* NewComViewController.m */ = {isa = PBXFileReference; fileEncoding = 4; lastKnownFileType = sourcecode.c.objc; path = NewComViewController.m; sourceTree = "<group>"; };
/* End PBXFileReference section */

/* Begin PBXFrameworksBuildPhase section */
		C255911D1B9B11F30045F341 /* Frameworks */ = {
			isa = PBXFrameworksBuildPhase;
			buildActionMask = 2147483647;
			files = (
			);
			runOnlyForDeploymentPostprocessing = 0;
		};
		C25591321B9B11F30045F341 /* Frameworks */ = {
			isa = PBXFrameworksBuildPhase;
			buildActionMask = 2147483647;
			files = (
			);
			runOnlyForDeploymentPostprocessing = 0;
		};
/* End PBXFrameworksBuildPhase section */

/* Begin PBXGroup section */
		C25591171B9B11F30045F341 = {
			isa = PBXGroup;
			children = (
				C25591221B9B11F30045F341 /* UI-新闻的编辑 */,
				C25591381B9B11F30045F341 /* UI-新闻的编辑Tests */,
				C25591211B9B11F30045F341 /* Products */,
			);
			sourceTree = "<group>";
		};
		C25591211B9B11F30045F341 /* Products */ = {
			isa = PBXGroup;
			children = (
				C25591201B9B11F30045F341 /* UI-新闻的编辑.app */,
				C25591351B9B11F30045F341 /* UI-新闻的编辑Tests.xctest */,
			);
			name = Products;
			sourceTree = "<group>";
		};
		C25591221B9B11F30045F341 /* UI-新闻的编辑 */ = {
			isa = PBXGroup;
			children = (
				C25591271B9B11F30045F341 /* AppDelegate.h */,
				C25591281B9B11F30045F341 /* AppDelegate.m */,
				C25591481B9B12350045F341 /* NewComViewController.h */,
				C25591491B9B12350045F341 /* NewComViewController.m */,
				C25591451B9B12040045F341 /* RootViewController.h */,
				C25591461B9B12040045F341 /* RootViewController.m */,
				C255912A1B9B11F30045F341 /* UI-新闻的编辑-Prefix.pch */,
				C255912C1B9B11F30045F341 /* Images.xcassets */,
				C255912E1B9B11F30045F341 /* LaunchScreen.xib */,
				C25591231B9B11F30045F341 /* Supporting Files */,
			);
			path = "UI-新闻的编辑";
			sourceTree = "<group>";
		};
		C25591231B9B11F30045F341 /* Supporting Files */ = {
			isa = PBXGroup;
			children = (
				C25591241B9B11F30045F341 /* Info.plist */,
				C25591251B9B11F30045F341 /* main.m */,
			);
			name = "Supporting Files";
			sourceTree = "<group>";
		};
		C25591381B9B11F30045F341 /* UI-新闻的编辑Tests */ = {
			isa = PBXGroup;
			children = (
				C255913B1B9B11F30045F341 /* UI______Tests.m */,
				C25591391B9B11F30045F341 /* Supporting Files */,
			);
			path = "UI-新闻的编辑Tests";
			sourceTree = "<group>";
		};
		C25591391B9B11F30045F341 /* Supporting Files */ = {
			isa = PBXGroup;
			children = (
				C255913A1B9B11F30045F341 /* Info.plist */,
			);
			name = "Supporting Files";
			sourceTree = "<group>";
		};
/* End PBXGroup section */

/* Begin PBXNativeTarget section */
		C255911F1B9B11F30045F341 /* UI-新闻的编辑 */ = {
			isa = PBXNativeTarget;
			buildConfigurationList = C255913F1B9B11F30045F341 /* Build configuration list for PBXNativeTarget "UI-新闻的编辑" */;
			buildPhases = (
				C255911C1B9B11F30045F341 /* Sources */,
				C255911D1B9B11F30045F341 /* Frameworks */,
				C255911E1B9B11F30045F341 /* Resources */,
			);
			buildRules = (
			);
			dependencies = (
			);
			name = "UI-新闻的编辑";
			productName = "UI-新闻的编辑";
			productReference = C25591201B9B11F30045F341 /* UI-新闻的编辑.app */;
			productType = "com.apple.product-type.application";
		};
		C25591341B9B11F30045F341 /* UI-新闻的编辑Tests */ = {
			isa = PBXNativeTarget;
			buildConfigurationList = C25591421B9B11F30045F341 /* Build configuration list for PBXNativeTarget "UI-新闻的编辑Tests" */;
			buildPhases = (
				C25591311B9B11F30045F341 /* Sources */,
				C25591321B9B11F30045F341 /* Frameworks */,
				C25591331B9B11F30045F341 /* Resources */,
			);
			buildRules = (
			);
			dependencies = (
				C25591371B9B11F30045F341 /* PBXTargetDependency */,
			);
			name = "UI-新闻的编辑Tests";
			productName = "UI-新闻的编辑Tests";
			productReference = C25591351B9B11F30045F341 /* UI-新闻的编辑Tests.xctest */;
			productType = "com.apple.product-type.bundle.unit-test";
		};
/* End PBXNativeTarget section */

/* Begin PBXProject section */
		C25591181B9B11F30045F341 /* Project object */ = {
			isa = PBXProject;
			attributes = {
				LastUpgradeCheck = 0640;
				ORGANIZATIONNAME = lanou3g;
				TargetAttributes = {
					C255911F1B9B11F30045F341 = {
						CreatedOnToolsVersion = 6.4;
					};
					C25591341B9B11F30045F341 = {
						CreatedOnToolsVersion = 6.4;
						TestTargetID = C255911F1B9B11F30045F341;
					};
				};
			};
			buildConfigurationList = C255911B1B9B11F30045F341 /* Build configuration list for PBXProject "UI-新闻的编辑" */;
			compatibilityVersion = "Xcode 3.2";
			developmentRegion = English;
			hasScannedForEncodings = 0;
			knownRegions = (
				en,
				Base,
			);
			mainGroup = C25591171B9B11F30045F341;
			productRefGroup = C25591211B9B11F30045F341 /* Products */;
			projectDirPath = "";
			projectRoot = "";
			targets = (
				C255911F1B9B11F30045F341 /* UI-新闻的编辑 */,
				C25591341B9B11F30045F341 /* UI-新闻的编辑Tests */,
			);
		};
/* End PBXProject section */

/* Begin PBXResourcesBuildPhase section */
		C255911E1B9B11F30045F341 /* Resources */ = {
			isa = PBXResourcesBuildPhase;
			buildActionMask = 2147483647;
			files = (
				C255912B1B9B11F30045F341 /* UI-新闻的编辑-Prefix.pch in Resources */,
				C25591301B9B11F30045F341 /* LaunchScreen.xib in Resources */,
				C255912D1B9B11F30045F341 /* Images.xcassets in Resources */,
			);
			runOnlyForDeploymentPostprocessing = 0;
		};
		C25591331B9B11F30045F341 /* Resources */ = {
			isa = PBXResourcesBuildPhase;
			buildActionMask = 2147483647;
			files = (
			);
			runOnlyForDeploymentPostprocessing = 0;
		};
/* End PBXResourcesBuildPhase section */

/* Begin PBXSourcesBuildPhase section */
		C255911C1B9B11F30045F341 /* Sources */ = {
			isa = PBXSourcesBuildPhase;
			buildActionMask = 2147483647;
			files = (
				C25591291B9B11F30045F341 /* AppDelegate.m in Sources */,
				C255914A1B9B12350045F341 /* NewComViewController.m in Sources */,
				C25591261B9B11F30045F341 /* main.m in Sources */,
				C25591471B9B12040045F341 /* RootViewController.m in Sources */,
			);
			runOnlyForDeploymentPostprocessing = 0;
		};
		C25591311B9B11F30045F341 /* Sources */ = {
			isa = PBXSourcesBuildPhase;
			buildActionMask = 2147483647;
			files = (
				C255913C1B9B11F30045F341 /* UI______Tests.m in Sources */,
			);
			runOnlyForDeploymentPostprocessing = 0;
		};
/* End PBXSourcesBuildPhase section */

/* Begin PBXTargetDependency section */
		C25591371B9B11F30045F341 /* PBXTargetDependency */ = {
			isa = PBXTargetDependency;
			target = C255911F1B9B11F30045F341 /* UI-新闻的编辑 */;
			targetProxy = C25591361B9B11F30045F341 /* PBXContainerItemProxy */;
		};
/* End PBXTargetDependency section */

/* Begin PBXVariantGroup section */
		C255912E1B9B11F30045F341 /* LaunchScreen.xib */ = {
			isa = PBXVariantGroup;
			children = (
				C255912F1B9B11F30045F341 /* Base */,
			);
			name = LaunchScreen.xib;
			sourceTree = "<group>";
		};
/* End PBXVariantGroup section */

/* Begin XCBuildConfiguration section */
		C255913D1B9B11F30045F341 /* Debug */ = {
			isa = XCBuildConfiguration;
			buildSettings = {
				ALWAYS_SEARCH_USER_PATHS = NO;
				CLANG_CXX_LANGUAGE_STANDARD = "gnu++0x";
				CLANG_CXX_LIBRARY = "libc++";
				CLANG_ENABLE_MODULES = YES;
				CLANG_ENABLE_OBJC_ARC = YES;
				CLANG_WARN_BOOL_CONVERSION = YES;
				CLANG_WARN_CONSTANT_CONVERSION = YES;
				CLANG_WARN_DIRECT_OBJC_ISA_USAGE = YES_ERROR;
				CLANG_WARN_EMPTY_BODY = YES;
				CLANG_WARN_ENUM_CONVERSION = YES;
				CLANG_WARN_INT_CONVERSION = YES;
				CLANG_WARN_OBJC_ROOT_CLASS = YES_ERROR;
				CLANG_WARN_UNREACHABLE_CODE = YES;
				CLANG_WARN__DUPLICATE_METHOD_MATCH = YES;
				"CODE_SIGN_IDENTITY[sdk=iphoneos*]" = "iPhone Developer";
				COPY_PHASE_STRIP = NO;
				DEBUG_INFORMATION_FORMAT = "dwarf-with-dsym";
				ENABLE_STRICT_OBJC_MSGSEND = YES;
				GCC_C_LANGUAGE_STANDARD = gnu99;
				GCC_DYNAMIC_NO_PIC = NO;
				GCC_NO_COMMON_BLOCKS = YES;
				GCC_OPTIMIZATION_LEVEL = 0;
				GCC_PREPROCESSOR_DEFINITIONS = (
					"DEBUG=1",
					"$(inherited)",
				);
				GCC_SYMBOLS_PRIVATE_EXTERN = NO;
				GCC_WARN_64_TO_32_BIT_CONVERSION = YES;
				GCC_WARN_ABOUT_RETURN_TYPE = YES_ERROR;
				GCC_WARN_UNDECLARED_SELECTOR = YES;
				GCC_WARN_UNINITIALIZED_AUTOS = YES_AGGRESSIVE;
				GCC_WARN_UNUSED_FUNCTION = YES;
				GCC_WARN_UNUSED_VARIABLE = YES;
				IPHONEOS_DEPLOYMENT_TARGET = 8.4;
				MTL_ENABLE_DEBUG_INFO = YES;
				ONLY_ACTIVE_ARCH = YES;
				SDKROOT = iphoneos;
			};
			name = Debug;
		};
		C255913E1B9B11F30045F341 /* Release */ = {
			isa = XCBuildConfiguration;
			buildSettings = {
				ALWAYS_SEARCH_USER_PATHS = NO;
				CLANG_CXX_LANGUAGE_STANDARD = "gnu++0x";
				CLANG_CXX_LIBRARY = "libc++";
				CLANG_ENABLE_MODULES = YES;
				CLANG_ENABLE_OBJC_ARC = YES;
				CLANG_WARN_BOOL_CONVERSION = YES;
				CLANG_WARN_CONSTANT_CONVERSION = YES;
				CLANG_WARN_DIRECT_OBJC_ISA_USAGE = YES_ERROR;
				CLANG_WARN_EMPTY_BODY = YES;
				CLANG_WARN_ENUM_CONVERSION = YES;
				CLANG_WARN_INT_CONVERSION = YES;
				CLANG_WARN_OBJC_ROOT_CLASS = YES_ERROR;
				CLANG_WARN_UNREACHABLE_CODE = YES;
				CLANG_WARN__DUPLICATE_METHOD_MATCH = YES;
				"CODE_SIGN_IDENTITY[sdk=iphoneos*]" = "iPhone Developer";
				COPY_PHASE_STRIP = NO;
				DEBUG_INFORMATION_FORMAT = "dwarf-with-dsym";
				ENABLE_NS_ASSERTIONS = NO;
				ENABLE_STRICT_OBJC_MSGSEND = YES;
				GCC_C_LANGUAGE_STANDARD = gnu99;
				GCC_NO_COMMON_BLOCKS = YES;
				GCC_WARN_64_TO_32_BIT_CONVERSION = YES;
				GCC_WARN_ABOUT_RETURN_TYPE = YES_ERROR;
				GCC_WARN_UNDECLARED_SELECTOR = YES;
				GCC_WARN_UNINITIALIZED_AUTOS = YES_AGGRESSIVE;
				GCC_WARN_UNUSED_FUNCTION = YES;
				GCC_WARN_UNUSED_VARIABLE = YES;
				IPHONEOS_DEPLOYMENT_TARGET = 8.4;
				MTL_ENABLE_DEBUG_INFO = NO;
				SDKROOT = iphoneos;
				VALIDATE_PRODUCT = YES;
			};
			name = Release;
		};
		C25591401B9B11F30045F341 /* Debug */ = {
			isa = XCBuildConfiguration;
			buildSettings = {
				ASSETCATALOG_COMPILER_APPICON_NAME = AppIcon;
				INFOPLIST_FILE = "UI-新闻的编辑/Info.plist";
				LD_RUNPATH_SEARCH_PATHS = "$(inherited) @executable_path/Frameworks";
				PRODUCT_NAME = "$(TARGET_NAME)";
			};
			name = Debug;
		};
		C25591411B9B11F30045F341 /* Release */ = {
			isa = XCBuildConfiguration;
			buildSettings = {
				ASSETCATALOG_COMPILER_APPICON_NAME = AppIcon;
				INFOPLIST_FILE = "UI-新闻的编辑/Info.plist";
				LD_RUNPATH_SEARCH_PATHS = "$(inherited) @executable_path/Frameworks";
				PRODUCT_NAME = "$(TARGET_NAME)";
			};
			name = Release;
		};
		C25591431B9B11F30045F341 /* Debug */ = {
			isa = XCBuildConfiguration;
			buildSettings = {
				BUNDLE_LOADER = "$(TEST_HOST)";
				FRAMEWORK_SEARCH_PATHS = (
					"$(SDKROOT)/Developer/Library/Frameworks",
					"$(inherited)",
				);
				GCC_PREPROCESSOR_DEFINITIONS = (
					"DEBUG=1",
					"$(inherited)",
				);
				INFOPLIST_FILE = "UI-新闻的编辑Tests/Info.plist";
				LD_RUNPATH_SEARCH_PATHS = "$(inherited) @executable_path/Frameworks @loader_path/Frameworks";
				PRODUCT_NAME = "$(TARGET_NAME)";
				TEST_HOST = "$(BUILT_PRODUCTS_DIR)/UI-新闻的编辑.app/UI-新闻的编辑";
			};
			name = Debug;
		};
		C25591441B9B11F30045F341 /* Release */ = {
			isa = XCBuildConfiguration;
			buildSettings = {
				BUNDLE_LOADER = "$(TEST_HOST)";
				FRAMEWORK_SEARCH_PATHS = (
					"$(SDKROOT)/Developer/Library/Frameworks",
					"$(inherited)",
				);
				INFOPLIST_FILE = "UI-新闻的编辑Tests/Info.plist";
				LD_RUNPATH_SEARCH_PATHS = "$(inherited) @executable_path/Frameworks @loader_path/Frameworks";
				PRODUCT_NAME = "$(TARGET_NAME)";
				TEST_HOST = "$(BUILT_PRODUCTS_DIR)/UI-新闻的编辑.app/UI-新闻的编辑";
			};
			name = Release;
		};
/* End XCBuildConfiguration section */

/* Begin XCConfigurationList section */
		C255911B1B9B11F30045F341 /* Build configuration list for PBXProject "UI-新闻的编辑" */ = {
			isa = XCConfigurationList;
			buildConfigurations = (
				C255913D1B9B11F30045F341 /* Debug */,
				C255913E1B9B11F30045F341 /* Release */,
			);
			defaultConfigurationIsVisible = 0;
			defaultConfigurationName = Release;
		};
		C255913F1B9B11F30045F341 /* Build configuration list for PBXNativeTarget "UI-新闻的编辑" */ = {
			isa = XCConfigurationList;
			buildConfigurations = (
				C25591401B9B11F30045F341 /* Debug */,
				C25591411B9B11F30045F341 /* Release */,
			);
			defaultConfigurationIsVisible = 0;
		};
		C25591421B9B11F30045F341 /* Build configuration list for PBXNativeTarget "UI-新闻的编辑Tests" */ = {
			isa = XCConfigurationList;
			buildConfigurations = (
				C25591431B9B11F30045F341 /* Debug */,
				C25591441B9B11F30045F341 /* Release */,
			);
			defaultConfigurationIsVisible = 0;
		};
/* End XCConfigurationList section */
	};
	rootObject = C25591181B9B11F30045F341 /* Project object */;
}
